
Microsoft Visual Studio Solution File, Format Version 12.00
# Visual Studio Version 17
VisualStudioVersion = 17.11.35222.181
MinimumVisualStudioVersion = 10.0.40219.1
Project("{FAE04EC0-301F-11D3-BF4B-00C04F79EFBC}") = "ShoppingCart", "ShoppingCart.csproj", "{616D3437-C85E-4D68-86AE-7524A1E959F8}"
EndProject
Global
	GlobalSection(SolutionConfigurationPlatforms) = preSolution
		Debug|Any CPU = Debug|Any CPU
		Release|Any CPU = Release|Any CPU
	EndGlobalSection
	GlobalSection(ProjectConfigurationPlatforms) = postSolution
		{616D3437-C85E-4D68-86AE-7524A1E959F8}.Debug|Any CPU.ActiveCfg = Debug|Any CPU
		{616D3437-C85E-4D68-86AE-7524A1E959F8}.Debug|Any CPU.Build.0 = Debug|Any CPU
		{616D3437-C85E-4D68-86AE-7524A1E959F8}.Release|Any CPU.ActiveCfg = Release|Any CPU
		{616D3437-C85E-4D68-86AE-7524A1E959F8}.Release|Any CPU.Build.0 = Release|Any CPU
	EndGlobalSection
	GlobalSection(SolutionProperties) = preSolution
		HideSolutionNode = FALSE
	EndGlobalSection
	GlobalSection(ExtensibilityGlobals) = postSolution
		SolutionGuid = {99DCAF71-B7E4-40D5-B3DA-B3CE0E6A796F}
	EndGlobalSection
EndGlobal
